
Microsoft Visual Studio Solution File, Format Version 12.00
# Visual Studio Version 17
VisualStudioVersion = 17.12.35521.163 d17.12
MinimumVisualStudioVersion = 10.0.40219.1
Project("{FAE04EC0-301F-11D3-BF4B-00C04F79EFBC}") = "MajorityElement", "MajorityElement\MajorityElement.csproj", "{D5761685-481F-438B-B447-A4A5786EBEAB}"
EndProject
Global
	GlobalSection(SolutionConfigurationPlatforms) = preSolution
		Debug|Any CPU = Debug|Any CPU
		Release|Any CPU = Release|Any CPU
	EndGlobalSection
	GlobalSection(ProjectConfigurationPlatforms) = postSolution
		{D5761685-481F-438B-B447-A4A5786EBEAB}.Debug|Any CPU.ActiveCfg = Debug|Any CPU
		{D5761685-481F-438B-B447-A4A5786EBEAB}.Debug|Any CPU.Build.0 = Debug|Any CPU
		{D5761685-481F-438B-B447-A4A5786EBEAB}.Release|Any CPU.ActiveCfg = Release|Any CPU
		{D5761685-481F-438B-B447-A4A5786EBEAB}.Release|Any CPU.Build.0 = Release|Any CPU
	EndGlobalSection
	GlobalSection(SolutionProperties) = preSolution
		HideSolutionNode = FALSE
	EndGlobalSection
EndGlobal
